// !$*UTF8*$!
{
	archiveVersion = 1;
	classes = {
	};
	objectVersion = 52;
	objects = {

/* Begin PBXBuildFile section */
		17775BBC2661045800479C70 /* PokemonView.swift in Sources */ = {isa = PBXBuildFile; fileRef = 17775BBB2661045800479C70 /* PokemonView.swift */; };
		17775BCA2661162500479C70 /* Network.swift in Sources */ = {isa = PBXBuildFile; fileRef = 17775BC92661162500479C70 /* Network.swift */; };
		17775BD62661198500479C70 /* PokemonViewModel.swift in Sources */ = {isa = PBXBuildFile; fileRef = 17775BD52661198500479C70 /* PokemonViewModel.swift */; };
		17775BDA26611B8E00479C70 /* Routes.swift in Sources */ = {isa = PBXBuildFile; fileRef = 17775BD926611B8E00479C70 /* Routes.swift */; };
		17775BE02661538B00479C70 /* Pokemon.swift in Sources */ = {isa = PBXBuildFile; fileRef = 17775BDF2661538B00479C70 /* Pokemon.swift */; };
		17775BEA26615DA300479C70 /* SDWebImageSwiftUI in Frameworks */ = {isa = PBXBuildFile; productRef = 17775BE926615DA300479C70 /* SDWebImageSwiftUI */; };
		17775BED26615E8B00479C70 /* PokemonCard.swift in Sources */ = {isa = PBXBuildFile; fileRef = 17775BEC26615E8B00479C70 /* PokemonCard.swift */; };
		17A7B7DE26605E50008649E1 /* PokeDexApp.swift in Sources */ = {isa = PBXBuildFile; fileRef = 17A7B7DD26605E50008649E1 /* PokeDexApp.swift */; };
		17A7B7E226605E52008649E1 /* Assets.xcassets in Resources */ = {isa = PBXBuildFile; fileRef = 17A7B7E126605E52008649E1 /* Assets.xcassets */; };
		17A7B7E526605E52008649E1 /* Preview Assets.xcassets in Resources */ = {isa = PBXBuildFile; fileRef = 17A7B7E426605E52008649E1 /* Preview Assets.xcassets */; };
		17A7B7F226606185008649E1 /* Neumorphy.swift in Sources */ = {isa = PBXBuildFile; fileRef = 17A7B7F126606185008649E1 /* Neumorphy.swift */; };
		17ED4CB82666C013006C9303 /* Colors.swift in Sources */ = {isa = PBXBuildFile; fileRef = 17ED4CB72666C013006C9303 /* Colors.swift */; };
		17ED4CBB2666C3C0006C9303 /* LinearGradient.swift in Sources */ = {isa = PBXBuildFile; fileRef = 17ED4CBA2666C3C0006C9303 /* LinearGradient.swift */; };
/* End PBXBuildFile section */

/* Begin PBXFileReference section */
		17775BBB2661045800479C70 /* PokemonView.swift */ = {isa = PBXFileReference; lastKnownFileType = sourcecode.swift; path = PokemonView.swift; sourceTree = "<group>"; wrapsLines = 1; };
		17775BC92661162500479C70 /* Network.swift */ = {isa = PBXFileReference; lastKnownFileType = sourcecode.swift; path = Network.swift; sourceTree = "<group>"; };
		17775BD52661198500479C70 /* PokemonViewModel.swift */ = {isa = PBXFileReference; lastKnownFileType = sourcecode.swift; path = PokemonViewModel.swift; sourceTree = "<group>"; };
		17775BD926611B8E00479C70 /* Routes.swift */ = {isa = PBXFileReference; lastKnownFileType = sourcecode.swift; path = Routes.swift; sourceTree = "<group>"; };
		17775BDF2661538B00479C70 /* Pokemon.swift */ = {isa = PBXFileReference; lastKnownFileType = sourcecode.swift; path = Pokemon.swift; sourceTree = "<group>"; };
		17775BEC26615E8B00479C70 /* PokemonCard.swift */ = {isa = PBXFileReference; lastKnownFileType = sourcecode.swift; path = PokemonCard.swift; sourceTree = "<group>"; };
		17A7B7DA26605E50008649E1 /* PokeDex.app */ = {isa = PBXFileReference; explicitFileType = wrapper.application; includeInIndex = 0; path = PokeDex.app; sourceTree = BUILT_PRODUCTS_DIR; };
		17A7B7DD26605E50008649E1 /* PokeDexApp.swift */ = {isa = PBXFileReference; lastKnownFileType = sourcecode.swift; path = PokeDexApp.swift; sourceTree = "<group>"; };
		17A7B7E126605E52008649E1 /* Assets.xcassets */ = {isa = PBXFileReference; lastKnownFileType = folder.assetcatalog; path = Assets.xcassets; sourceTree = "<group>"; };
		17A7B7E426605E52008649E1 /* Preview Assets.xcassets */ = {isa = PBXFileReference; lastKnownFileType = folder.assetcatalog; path = "Preview Assets.xcassets"; sourceTree = "<group>"; };
		17A7B7E626605E52008649E1 /* Info.plist */ = {isa = PBXFileReference; lastKnownFileType = text.plist.xml; path = Info.plist; sourceTree = "<group>"; };
		17A7B7F126606185008649E1 /* Neumorphy.swift */ = {isa = PBXFileReference; lastKnownFileType = sourcecode.swift; path = Neumorphy.swift; sourceTree = "<group>"; };
		17ED4CB72666C013006C9303 /* Colors.swift */ = {isa = PBXFileReference; lastKnownFileType = sourcecode.swift; path = Colors.swift; sourceTree = "<group>"; };
		17ED4CBA2666C3C0006C9303 /* LinearGradient.swift */ = {isa = PBXFileReference; lastKnownFileType = sourcecode.swift; path = LinearGradient.swift; sourceTree = "<group>"; };
/* End PBXFileReference section */

/* Begin PBXFrameworksBuildPhase section */
		17A7B7D726605E50008649E1 /* Frameworks */ = {
			isa = PBXFrameworksBuildPhase;
			buildActionMask = 2147483647;
			files = (
				17775BEA26615DA300479C70 /* SDWebImageSwiftUI in Frameworks */,
			);
			runOnlyForDeploymentPostprocessing = 0;
		};
/* End PBXFrameworksBuildPhase section */

/* Begin PBXGroup section */
		17775BC82661161400479C70 /* Services */ = {
			isa = PBXGroup;
			children = (
				17775BC92661162500479C70 /* Network.swift */,
			);
			path = Services;
			sourceTree = "<group>";
		};
		17775BD32661195900479C70 /* Pokemon */ = {
			isa = PBXGroup;
			children = (
				17775BBB2661045800479C70 /* PokemonView.swift */,
				17775BD52661198500479C70 /* PokemonViewModel.swift */,
			);
			path = Pokemon;
			sourceTree = "<group>";
		};
		17775BD826611B8000479C70 /* Constants */ = {
			isa = PBXGroup;
			children = (
				17775BD926611B8E00479C70 /* Routes.swift */,
			);
			path = Constants;
			sourceTree = "<group>";
		};
		17A7B7D126605E50008649E1 = {
			isa = PBXGroup;
			children = (
				17A7B7DC26605E50008649E1 /* PokeDex */,
				17A7B7DB26605E50008649E1 /* Products */,
			);
			sourceTree = "<group>";
		};
		17A7B7DB26605E50008649E1 /* Products */ = {
			isa = PBXGroup;
			children = (
				17A7B7DA26605E50008649E1 /* PokeDex.app */,
			);
			name = Products;
			sourceTree = "<group>";
		};
		17A7B7DC26605E50008649E1 /* PokeDex */ = {
			isa = PBXGroup;
			children = (
				17775BD826611B8000479C70 /* Constants */,
				17775BD32661195900479C70 /* Pokemon */,
				17775BC82661161400479C70 /* Services */,
				17A7B7F02660615B008649E1 /* Extensions */,
				17A7B7EE26605EAD008649E1 /* Model */,
				17A7B7ED26605EA2008649E1 /* Views */,
				17A7B7DD26605E50008649E1 /* PokeDexApp.swift */,
				17A7B7E126605E52008649E1 /* Assets.xcassets */,
				17A7B7E626605E52008649E1 /* Info.plist */,
				17A7B7E326605E52008649E1 /* Preview Content */,
			);
			path = PokeDex;
			sourceTree = "<group>";
		};
		17A7B7E326605E52008649E1 /* Preview Content */ = {
			isa = PBXGroup;
			children = (
				17A7B7E426605E52008649E1 /* Preview Assets.xcassets */,
			);
			path = "Preview Content";
			sourceTree = "<group>";
		};
		17A7B7ED26605EA2008649E1 /* Views */ = {
			isa = PBXGroup;
			children = (
				17775BEC26615E8B00479C70 /* PokemonCard.swift */,
			);
			path = Views;
			sourceTree = "<group>";
		};
		17A7B7EE26605EAD008649E1 /* Model */ = {
			isa = PBXGroup;
			children = (
				17775BDF2661538B00479C70 /* Pokemon.swift */,
			);
			path = Model;
			sourceTree = "<group>";
		};
		17A7B7F02660615B008649E1 /* Extensions */ = {
			isa = PBXGroup;
			children = (
				17A7B7F126606185008649E1 /* Neumorphy.swift */,
				17ED4CB72666C013006C9303 /* Colors.swift */,
				17ED4CBA2666C3C0006C9303 /* LinearGradient.swift */,
			);
			path = Extensions;
			sourceTree = "<group>";
		};
/* End PBXGroup section */

/* Begin PBXNativeTarget section */
		17A7B7D926605E50008649E1 /* PokeDex */ = {
			isa = PBXNativeTarget;
			buildConfigurationList = 17A7B7E926605E52008649E1 /* Build configuration list for PBXNativeTarget "PokeDex" */;
			buildPhases = (
				17A7B7D626605E50008649E1 /* Sources */,
				17A7B7D726605E50008649E1 /* Frameworks */,
				17A7B7D826605E50008649E1 /* Resources */,
			);
			buildRules = (
			);
			dependencies = (
			);
			name = PokeDex;
			packageProductDependencies = (
				17775BE926615DA300479C70 /* SDWebImageSwiftUI */,
			);
			productName = PokeDex;
			productReference = 17A7B7DA26605E50008649E1 /* PokeDex.app */;
			productType = "com.apple.product-type.application";
		};
/* End PBXNativeTarget section */

/* Begin PBXProject section */
		17A7B7D226605E50008649E1 /* Project object */ = {
			isa = PBXProject;
			attributes = {
				LastSwiftUpdateCheck = 1240;
				LastUpgradeCheck = 1240;
				TargetAttributes = {
					17A7B7D926605E50008649E1 = {
						CreatedOnToolsVersion = 12.4;
					};
				};
			};
			buildConfigurationList = 17A7B7D526605E50008649E1 /* Build configuration list for PBXProject "PokeDex" */;
			compatibilityVersion = "Xcode 9.3";
			developmentRegion = en;
			hasScannedForEncodings = 0;
			knownRegions = (
				en,
				Base,
			);
			mainGroup = 17A7B7D126605E50008649E1;
			packageReferences = (
				17775BE826615DA300479C70 /* XCRemoteSwiftPackageReference "SDWebImageSwiftUI" */,
			);
			productRefGroup = 17A7B7DB26605E50008649E1 /* Products */;
			projectDirPath = "";
			projectRoot = "";
			targets = (
				17A7B7D926605E50008649E1 /* PokeDex */,
			);
		};
/* End PBXProject section */

/* Begin PBXResourcesBuildPhase section */
		17A7B7D826605E50008649E1 /* Resources */ = {
			isa = PBXResourcesBuildPhase;
			buildActionMask = 2147483647;
			files = (
				17A7B7E526605E52008649E1 /* Preview Assets.xcassets in Resources */,
				17A7B7E226605E52008649E1 /* Assets.xcassets in Resources */,
			);
			runOnlyForDeploymentPostprocessing = 0;
		};
/* End PBXResourcesBuildPhase section */

/* Begin PBXSourcesBuildPhase section */
		17A7B7D626605E50008649E1 /* Sources */ = {
			isa = PBXSourcesBuildPhase;
			buildActionMask = 2147483647;
			files = (
				17775BCA2661162500479C70 /* Network.swift in Sources */,
				17ED4CB82666C013006C9303 /* Colors.swift in Sources */,
				17ED4CBB2666C3C0006C9303 /* LinearGradient.swift in Sources */,
				17775BED26615E8B00479C70 /* PokemonCard.swift in Sources */,
				17775BDA26611B8E00479C70 /* Routes.swift in Sources */,
				17A7B7F226606185008649E1 /* Neumorphy.swift in Sources */,
				17775BD62661198500479C70 /* PokemonViewModel.swift in Sources */,
				17775BE02661538B00479C70 /* Pokemon.swift in Sources */,
				17A7B7DE26605E50008649E1 /* PokeDexApp.swift in Sources */,
				17775BBC2661045800479C70 /* PokemonView.swift in Sources */,
			);
			runOnlyForDeploymentPostprocessing = 0;
		};
/* End PBXSourcesBuildPhase section */

/* Begin XCBuildConfiguration section */
		17A7B7E726605E52008649E1 /* Debug */ = {
			isa = XCBuildConfiguration;
			buildSettings = {
				ALWAYS_SEARCH_USER_PATHS = NO;
				CLANG_ANALYZER_NONNULL = YES;
				CLANG_ANALYZER_NUMBER_OBJECT_CONVERSION = YES_AGGRESSIVE;
				CLANG_CXX_LANGUAGE_STANDARD = "gnu++14";
				CLANG_CXX_LIBRARY = "libc++";
				CLANG_ENABLE_MODULES = YES;
				CLANG_ENABLE_OBJC_ARC = YES;
				CLANG_ENABLE_OBJC_WEAK = YES;
				CLANG_WARN_BLOCK_CAPTURE_AUTORELEASING = YES;
				CLANG_WARN_BOOL_CONVERSION = YES;
				CLANG_WARN_COMMA = YES;
				CLANG_WARN_CONSTANT_CONVERSION = YES;
				CLANG_WARN_DEPRECATED_OBJC_IMPLEMENTATIONS = YES;
				CLANG_WARN_DIRECT_OBJC_ISA_USAGE = YES_ERROR;
				CLANG_WARN_DOCUMENTATION_COMMENTS = YES;
				CLANG_WARN_EMPTY_BODY = YES;
				CLANG_WARN_ENUM_CONVERSION = YES;
				CLANG_WARN_INFINITE_RECURSION = YES;
				CLANG_WARN_INT_CONVERSION = YES;
				CLANG_WARN_NON_LITERAL_NULL_CONVERSION = YES;
				CLANG_WARN_OBJC_IMPLICIT_RETAIN_SELF = YES;
				CLANG_WARN_OBJC_LITERAL_CONVERSION = YES;
				CLANG_WARN_OBJC_ROOT_CLASS = YES_ERROR;
				CLANG_WARN_QUOTED_INCLUDE_IN_FRAMEWORK_HEADER = YES;
				CLANG_WARN_RANGE_LOOP_ANALYSIS = YES;
				CLANG_WARN_STRICT_PROTOTYPES = YES;
				CLANG_WARN_SUSPICIOUS_MOVE = YES;
				CLANG_WARN_UNGUARDED_AVAILABILITY = YES_AGGRESSIVE;
				CLANG_WARN_UNREACHABLE_CODE = YES;
				CLANG_WARN__DUPLICATE_METHOD_MATCH = YES;
				COPY_PHASE_STRIP = NO;
				DEBUG_INFORMATION_FORMAT = dwarf;
				ENABLE_STRICT_OBJC_MSGSEND = YES;
				ENABLE_TESTABILITY = YES;
				GCC_C_LANGUAGE_STANDARD = gnu11;
				GCC_DYNAMIC_NO_PIC = NO;
				GCC_NO_COMMON_BLOCKS = YES;
				GCC_OPTIMIZATION_LEVEL = 0;
				GCC_PREPROCESSOR_DEFINITIONS = (
					"DEBUG=1",
					"$(inherited)",
				);
				GCC_WARN_64_TO_32_BIT_CONVERSION = YES;
				GCC_WARN_ABOUT_RETURN_TYPE = YES_ERROR;
				GCC_WARN_UNDECLARED_SELECTOR = YES;
				GCC_WARN_UNINITIALIZED_AUTOS = YES_AGGRESSIVE;
				GCC_WARN_UNUSED_FUNCTION = YES;
				GCC_WARN_UNUSED_VARIABLE = YES;
				IPHONEOS_DEPLOYMENT_TARGET = 14.4;
				MTL_ENABLE_DEBUG_INFO = INCLUDE_SOURCE;
				MTL_FAST_MATH = YES;
				ONLY_ACTIVE_ARCH = YES;
				SDKROOT = iphoneos;
				SWIFT_ACTIVE_COMPILATION_CONDITIONS = DEBUG;
				SWIFT_OPTIMIZATION_LEVEL = "-Onone";
			};
			name = Debug;
		};
		17A7B7E826605E52008649E1 /* Release */ = {
			isa = XCBuildConfiguration;
			buildSettings = {
				ALWAYS_SEARCH_USER_PATHS = NO;
				CLANG_ANALYZER_NONNULL = YES;
				CLANG_ANALYZER_NUMBER_OBJECT_CONVERSION = YES_AGGRESSIVE;
				CLANG_CXX_LANGUAGE_STANDARD = "gnu++14";
				CLANG_CXX_LIBRARY = "libc++";
				CLANG_ENABLE_MODULES = YES;
				CLANG_ENABLE_OBJC_ARC = YES;
				CLANG_ENABLE_OBJC_WEAK = YES;
				CLANG_WARN_BLOCK_CAPTURE_AUTORELEASING = YES;
				CLANG_WARN_BOOL_CONVERSION = YES;
				CLANG_WARN_COMMA = YES;
				CLANG_WARN_CONSTANT_CONVERSION = YES;
				CLANG_WARN_DEPRECATED_OBJC_IMPLEMENTATIONS = YES;
				CLANG_WARN_DIRECT_OBJC_ISA_USAGE = YES_ERROR;
				CLANG_WARN_DOCUMENTATION_COMMENTS = YES;
				CLANG_WARN_EMPTY_BODY = YES;
				CLANG_WARN_ENUM_CONVERSION = YES;
				CLANG_WARN_INFINITE_RECURSION = YES;
				CLANG_WARN_INT_CONVERSION = YES;
				CLANG_WARN_NON_LITERAL_NULL_CONVERSION = YES;
				CLANG_WARN_OBJC_IMPLICIT_RETAIN_SELF = YES;
				CLANG_WARN_OBJC_LITERAL_CONVERSION = YES;
				CLANG_WARN_OBJC_ROOT_CLASS = YES_ERROR;
				CLANG_WARN_QUOTED_INCLUDE_IN_FRAMEWORK_HEADER = YES;
				CLANG_WARN_RANGE_LOOP_ANALYSIS = YES;
				CLANG_WARN_STRICT_PROTOTYPES = YES;
				CLANG_WARN_SUSPICIOUS_MOVE = YES;
				CLANG_WARN_UNGUARDED_AVAILABILITY = YES_AGGRESSIVE;
				CLANG_WARN_UNREACHABLE_CODE = YES;
				CLANG_WARN__DUPLICATE_METHOD_MATCH = YES;
				COPY_PHASE_STRIP = NO;
				DEBUG_INFORMATION_FORMAT = "dwarf-with-dsym";
				ENABLE_NS_ASSERTIONS = NO;
				ENABLE_STRICT_OBJC_MSGSEND = YES;
				GCC_C_LANGUAGE_STANDARD = gnu11;
				GCC_NO_COMMON_BLOCKS = YES;
				GCC_WARN_64_TO_32_BIT_CONVERSION = YES;
				GCC_WARN_ABOUT_RETURN_TYPE = YES_ERROR;
				GCC_WARN_UNDECLARED_SELECTOR = YES;
				GCC_WARN_UNINITIALIZED_AUTOS = YES_AGGRESSIVE;
				GCC_WARN_UNUSED_FUNCTION = YES;
				GCC_WARN_UNUSED_VARIABLE = YES;
				IPHONEOS_DEPLOYMENT_TARGET = 14.4;
				MTL_ENABLE_DEBUG_INFO = NO;
				MTL_FAST_MATH = YES;
				SDKROOT = iphoneos;
				SWIFT_COMPILATION_MODE = wholemodule;
				SWIFT_OPTIMIZATION_LEVEL = "-O";
				VALIDATE_PRODUCT = YES;
			};
			name = Release;
		};
		17A7B7EA26605E52008649E1 /* Debug */ = {
			isa = XCBuildConfiguration;
			buildSettings = {
				ASSETCATALOG_COMPILER_APPICON_NAME = AppIcon;
				ASSETCATALOG_COMPILER_GLOBAL_ACCENT_COLOR_NAME = AccentColor;
				CODE_SIGN_STYLE = Automatic;
				DEVELOPMENT_ASSET_PATHS = "\"PokeDex/Preview Content\"";
				ENABLE_PREVIEWS = YES;
				INFOPLIST_FILE = PokeDex/Info.plist;
				IPHONEOS_DEPLOYMENT_TARGET = 14.1;
				LD_RUNPATH_SEARCH_PATHS = (
					"$(inherited)",
					"@executable_path/Frameworks",
				);
				PRODUCT_BUNDLE_IDENTIFIER = SwiftUI.PokeDex;
				PRODUCT_NAME = "$(TARGET_NAME)";
				SWIFT_VERSION = 5.0;
				TARGETED_DEVICE_FAMILY = "1,2";
			};
			name = Debug;
		};
		17A7B7EB26605E52008649E1 /* Release */ = {
			isa = XCBuildConfiguration;
			buildSettings = {
				ASSETCATALOG_COMPILER_APPICON_NAME = AppIcon;
				ASSETCATALOG_COMPILER_GLOBAL_ACCENT_COLOR_NAME = AccentColor;
				CODE_SIGN_STYLE = Automatic;
				DEVELOPMENT_ASSET_PATHS = "\"PokeDex/Preview Content\"";
				ENABLE_PREVIEWS = YES;
				INFOPLIST_FILE = PokeDex/Info.plist;
				IPHONEOS_DEPLOYMENT_TARGET = 14.1;
				LD_RUNPATH_SEARCH_PATHS = (
					"$(inherited)",
					"@executable_path/Frameworks",
				);
				PRODUCT_BUNDLE_IDENTIFIER = SwiftUI.PokeDex;
				PRODUCT_NAME = "$(TARGET_NAME)";
				SWIFT_VERSION = 5.0;
				TARGETED_DEVICE_FAMILY = "1,2";
			};
			name = Release;
		};
/* End XCBuildConfiguration section */

/* Begin XCConfigurationList section */
		17A7B7D526605E50008649E1 /* Build configuration list for PBXProject "PokeDex" */ = {
			isa = XCConfigurationList;
			buildConfigurations = (
				17A7B7E726605E52008649E1 /* Debug */,
				17A7B7E826605E52008649E1 /* Release */,
			);
			defaultConfigurationIsVisible = 0;
			defaultConfigurationName = Release;
		};
		17A7B7E926605E52008649E1 /* Build configuration list for PBXNativeTarget "PokeDex" */ = {
			isa = XCConfigurationList;
			buildConfigurations = (
				17A7B7EA26605E52008649E1 /* Debug */,
				17A7B7EB26605E52008649E1 /* Release */,
			);
			defaultConfigurationIsVisible = 0;
			defaultConfigurationName = Release;
		};
/* End XCConfigurationList section */

/* Begin XCRemoteSwiftPackageReference section */
		17775BE826615DA300479C70 /* XCRemoteSwiftPackageReference "SDWebImageSwiftUI" */ = {
			isa = XCRemoteSwiftPackageReference;
			repositoryURL = "https://github.com/SDWebImage/SDWebImageSwiftUI.git";
			requirement = {
				kind = upToNextMajorVersion;
				minimumVersion = 2.0.2;
			};
		};
/* End XCRemoteSwiftPackageReference section */

/* Begin XCSwiftPackageProductDependency section */
		17775BE926615DA300479C70 /* SDWebImageSwiftUI */ = {
			isa = XCSwiftPackageProductDependency;
			package = 17775BE826615DA300479C70 /* XCRemoteSwiftPackageReference "SDWebImageSwiftUI" */;
			productName = SDWebImageSwiftUI;
		};
/* End XCSwiftPackageProductDependency section */
	};
	rootObject = 17A7B7D226605E50008649E1 /* Project object */;
}
